
Microsoft Visual Studio Solution File, Format Version 12.00
# Visual Studio Version 17
VisualStudioVersion = 17.0.32112.339
MinimumVisualStudioVersion = 10.0.40219.1
Project("{FAE04EC0-301F-11D3-BF4B-00C04F79EFBC}") = "DI", "DI\DI.csproj", "{F231E72E-0A67-4A8F-BAE4-DB56D590CD71}"
EndProject
Global
	GlobalSection(SolutionConfigurationPlatforms) = preSolution
		Debug|Any CPU = Debug|Any CPU
		Release|Any CPU = Release|Any CPU
	EndGlobalSection
	GlobalSection(ProjectConfigurationPlatforms) = postSolution
		{F231E72E-0A67-4A8F-BAE4-DB56D590CD71}.Debug|Any CPU.ActiveCfg = Debug|Any CPU
		{F231E72E-0A67-4A8F-BAE4-DB56D590CD71}.Debug|Any CPU.Build.0 = Debug|Any CPU
		{F231E72E-0A67-4A8F-BAE4-DB56D590CD71}.Release|Any CPU.ActiveCfg = Release|Any CPU
		{F231E72E-0A67-4A8F-BAE4-DB56D590CD71}.Release|Any CPU.Build.0 = Release|Any CPU
	EndGlobalSection
	GlobalSection(SolutionProperties) = preSolution
		HideSolutionNode = FALSE
	EndGlobalSection
	GlobalSection(ExtensibilityGlobals) = postSolution
		SolutionGuid = {85402863-4DCA-40E4-ABF3-1EDF515BB2B2}
	EndGlobalSection
EndGlobal
